{
  "name": "linkumori-cli",
  "version": "1.0.0",
  "lockfileVersion": 3,
  "requires": true,
  "packages": {
    "": {
      "name": "linkumori-cli",
      "version": "1.0.0",
      "license": "LGPL-3.0-or-later",
      "engines": {
        "bun": ">=1.2.0",
        "node": ">=18.0.0"
      }
    }
  }
}
